{
  "name": "claude-companion",
  "version": "1.0.0",
  "lockfileVersion": 3,
  "requires": true,
  "packages": {
    "": {
      "name": "claude-companion",
      "version": "1.0.0",
      "license": "MIT",
      "bin": {
        "claude-analyze": "analyze-user-advanced.js",
        "claude-companion": "claude-companion.js",
        "claude-visual": "analyze-visual-report.js"
      },
      "devDependencies": {},
      "engines": {
        "node": ">=14.0.0"
      }
    }
  }
}
